
Microsoft Visual Studio Solution File, Format Version 12.00
# Visual Studio Version 17
VisualStudioVersion = 17.13.35913.81 d17.13
MinimumVisualStudioVersion = 10.0.40219.1
Project("{FAE04EC0-301F-11D3-BF4B-00C04F79EFBC}") = "AnalizadorLexico", "AnalizadorLexico.csproj", "{9B230D3A-555B-4B69-B651-75078EE66986}"
EndProject
Global
	GlobalSection(SolutionConfigurationPlatforms) = preSolution
		Debug|Any CPU = Debug|Any CPU
		Release|Any CPU = Release|Any CPU
	EndGlobalSection
	GlobalSection(ProjectConfigurationPlatforms) = postSolution
		{9B230D3A-555B-4B69-B651-75078EE66986}.Debug|Any CPU.ActiveCfg = Debug|Any CPU
		{9B230D3A-555B-4B69-B651-75078EE66986}.Debug|Any CPU.Build.0 = Debug|Any CPU
		{9B230D3A-555B-4B69-B651-75078EE66986}.Release|Any CPU.ActiveCfg = Release|Any CPU
		{9B230D3A-555B-4B69-B651-75078EE66986}.Release|Any CPU.Build.0 = Release|Any CPU
	EndGlobalSection
	GlobalSection(SolutionProperties) = preSolution
		HideSolutionNode = FALSE
	EndGlobalSection
	GlobalSection(ExtensibilityGlobals) = postSolution
		SolutionGuid = {17082AF3-36F5-47A4-8764-AB84896256C6}
	EndGlobalSection
EndGlobal
